[
  {
    "name": "9eae6d34-308c-5b0e-93b9-acacf5153970",
    "content": "9c90f2e2-0446-5744-a438-a16a7118b46f",
    "ignored": false
  },
  {
    "name": "91666700-2ad2-57cf-9990-fe661f2808c1",
    "content": "5043d45a-7384-54e7-9b91-eadf1fa7fa7d",
    "ignored": false
  },
  {
    "name": "ee4648f4-a714-5922-86be-5a3244453a5f",
    "content": "87f2e906-9924-5858-930e-0a0af88fbb3e",
    "last_reviewed": "2024-10-22T19:41:13.726400857",
    "interval": 1.3501896,
    "stability": 0.4072,
    "difficulty": 7.2102,
    "ignored": false
  },
  {
    "name": "bf4c82c6-3a2d-5641-b2de-1f319311bec2",
    "content": "f7d1556a-90f3-5b2c-89ed-39135327041e",
    "ignored": false
  },
  {
    "name": "6d591f13-b2be-53fb-9739-b74023906c03",
    "content": "5817a75b-cdbd-5fb4-87f9-1cd66d387d2e",
    "last_reviewed": "2024-10-22T19:37:33.483045809",
    "interval": 51.30256,
    "stability": 15.4722,
    "difficulty": 3.2828565,
    "ignored": false
  },
  {
    "name": "f9184521-878c-5761-95ed-49d13fa47bae",
    "content": "9ea5eb6f-dc14-53eb-8f8f-2b2a1befad33",
    "ignored": true
  },
  {
    "name": "f99da9e9-7d1c-5ded-b768-eb918cd77277",
    "content": "3284f12f-1759-5aa3-8ec6-6d371b2e0198",
    "last_reviewed": "2024-10-22T19:41:33.720171094",
    "interval": 10.365821,
    "stability": 3.1262,
    "difficulty": 5.3145776,
    "ignored": false
  },
  {
    "name": "fd07f19d-babd-5304-8fe5-55999ddff386",
    "content": "5f02e326-a50e-5acc-a5c2-2d1b8f4c51d8",
    "ignored": false
  },
  {
    "name": "95dd1650-88a0-55ff-ad40-da794d60d280",
    "content": "66778fe9-79e2-58fe-898e-718ae96b7a33",
    "last_reviewed": "2024-10-22T19:39:08.438799146",
    "interval": 51.30256,
    "stability": 15.4722,
    "difficulty": 3.2828565,
    "ignored": false
  },
  {
    "name": "fe6ce446-1417-5066-b32c-8fb961191fe7",
    "content": "ab8f5580-050f-5143-85fe-4512f169b447",
    "ignored": false
  },
  {
    "name": "417eafa9-0ec8-59e4-a2dd-091ae610e3d4",
    "content": "239a4783-c0b2-5968-8d0d-61c5a3760755",
    "ignored": false
  },
  {
    "name": "56b36135-da16-59bd-9a58-3da1c01dac1d",
    "content": "ac4004fb-9e1d-5453-b15d-b95230fc9f2c",
    "ignored": false
  },
  {
    "name": "46013760-55a6-542f-90aa-e09ce6181fa8",
    "content": "23c21994-c640-50fe-860a-96342dcc4e1f",
    "last_reviewed": "2024-10-22T19:41:41.818035466",
    "interval": 51.30256,
    "stability": 15.4722,
    "difficulty": 3.2828565,
    "ignored": false
  },
  {
    "name": "83920b3f-ed57-50fc-a2bd-0640b3416c7a",
    "content": "40f4ee04-e3be-5436-b31e-7b5e5771f162",
    "ignored": false
  },
  {
    "name": "6e050923-3b35-54eb-990e-a89fa767fef9",
    "content": "792ce13b-903f-5020-af57-e9880933a380",
    "ignored": false
  },
  {
    "name": "8e1b30d3-1670-5e9b-995d-6e3aa97dea4f",
    "content": "4afb6d73-08f6-5df7-a4e8-eb2401bbe842",
    "ignored": false
  },
  {
    "name": "cba501cd-f168-576c-937a-89c209e2eca4",
    "content": "89d7b126-23ce-50ec-b91c-0adf6867f14b",
    "ignored": false
  },
  {
    "name": "1afe3130-a3e2-588d-8ce5-6d7f0ddcd81f",
    "content": "f6212d95-0290-5737-acc6-f33a71ebd613",
    "ignored": false
  },
  {
    "name": "0446e5ec-0ef6-5bd1-9faf-efd41f3af6cf",
    "content": "d6d2e436-a873-54d2-96cc-917e44a7c028",
    "ignored": false
  },
  {
    "name": "da03d3a4-b8b0-5747-bae7-e8d7920f0131",
    "content": "efc4cc0b-12cb-515e-890f-cb6d35e5616e",
    "last_reviewed": "2024-10-22T19:38:41.025571014",
    "interval": 10.365821,
    "stability": 3.1262,
    "difficulty": 5.3145776,
    "ignored": false
  },
  {
    "name": "162b664a-103c-5b60-9aad-621360f3ae48",
    "content": "a4097852-2843-5fe6-b79f-54261d04cc2e",
    "ignored": false
  },
  {
    "name": "1b320015-02d3-53bc-b419-7b57c2cbea3d",
    "content": "708bf05f-48ac-570c-a3e0-84f741dbba34",
    "ignored": false
  },
  {
    "name": "2fd25550-7ac3-5a3f-8bb4-7f9d88c0796b",
    "content": "abbc647b-15cf-521d-91b7-3912bcc9300d",
    "last_reviewed": "2024-10-22T19:39:41.740879306",
    "interval": 3.9222476,
    "stability": 1.1829,
    "difficulty": 6.508547,
    "ignored": false
  },
  {
    "name": "7371cdb3-2510-5178-83a8-65e9c97e1d7a",
    "content": "e61e08f8-0686-5d46-aac2-623de28695c0",
    "ignored": false
  },
  {
    "name": "b2026dc4-360a-513f-a1a9-28176bde788a",
    "content": "2455be09-86e1-5ae3-887d-4b738cd7aee6",
    "ignored": false
  },
  {
    "name": "b837efa0-a46c-5720-ba53-ce4dd294d0cf",
    "content": "36b0214e-4bf1-5d83-aae2-fa23b1719b1a",
    "last_reviewed": "2024-10-22T19:40:15.758901138",
    "interval": 3.9222476,
    "stability": 1.1829,
    "difficulty": 6.508547,
    "ignored": false
  },
  {
    "name": "bcb2e14a-edb3-5496-884a-306b2dd6a511",
    "content": "1aee2cf8-61e7-5dc2-ac57-25b347cd03e3",
    "ignored": false
  },
  {
    "name": "4b85be81-265e-5ce1-99bc-8eac7e23bb35",
    "content": "a7ea5477-7c63-5cf6-8110-a101e2a9d8c3",
    "last_reviewed": "2024-10-22T19:38:20.421268235",
    "interval": 3.9222476,
    "stability": 1.1829,
    "difficulty": 6.508547,
    "ignored": false
  },
  {
    "name": "9ac3e61f-c189-55d5-8cdd-c5db0fa33555",
    "content": "26d9eac4-e59a-5aca-9bd4-1f21c29fcbcc",
    "ignored": false
  },
  {
    "name": "b9943fd4-97c1-50c1-87d5-0cbacc727b2a",
    "content": "52c5c8f3-b617-5f3c-be47-a0b53025390c",
    "ignored": false
  },
  {
    "name": "2d516edc-8f63-5c36-ab1d-eb352fdb7775",
    "content": "ff76f08d-6324-5fe1-9445-f34e2466bacf",
    "ignored": false
  },
  {
    "name": "373df766-4b7c-5e5f-9ba8-ae84822cbb1d",
    "content": "6bd5dbb5-dd64-5115-b891-ad0659c33109",
    "last_reviewed": "2024-10-22T19:39:13.431422863",
    "interval": 51.30256,
    "stability": 15.4722,
    "difficulty": 3.2828565,
    "ignored": false
  },
  {
    "name": "b2544e9d-5354-59db-9a96-bb7fa01763ca",
    "content": "fb851966-0195-5802-b5a5-7c49fc7ccfa2",
    "last_reviewed": "2024-10-22T19:39:54.058658644",
    "interval": 3.9222476,
    "stability": 1.1829,
    "difficulty": 6.508547,
    "ignored": false
  },
  {
    "name": "3a62fc5b-1ade-5582-82b8-1db6f44f315b",
    "content": "3cdc051b-1485-5b3c-b82f-cdc70a4d5870",
    "last_reviewed": "2024-10-22T19:40:58.743292269",
    "interval": 1.3501896,
    "stability": 0.4072,
    "difficulty": 7.2102,
    "ignored": false
  },
  {
    "name": "85ccf16f-18b8-5e5e-a3a0-dfb9aece2704",
    "content": "6f8c88d5-ba95-5a29-8283-d6dd21f67baa",
    "last_reviewed": "2024-10-22T19:40:04.283148772",
    "interval": 3.9222476,
    "stability": 1.1829,
    "difficulty": 6.508547,
    "ignored": false
  },
  {
    "name": "86785432-13b2-52fb-9c5d-48b802093c92",
    "content": "9a655ea6-6aa9-50ff-88bb-64f0b378ea48",
    "ignored": false
  },
  {
    "name": "934a3bc1-9846-5aef-a437-afb0d8668b74",
    "content": "7c5a6868-1ae9-5bc7-8a9c-4094af0f46d5",
    "ignored": false
  },
  {
    "name": "ad7381d5-5d6a-5c3f-b071-c6384ae6526d",
    "content": "b979f836-c8ae-520a-ae17-ff64ffbc45e5",
    "last_reviewed": "2024-10-22T19:41:23.066443037",
    "interval": 51.30256,
    "stability": 15.4722,
    "difficulty": 3.2828565,
    "ignored": false
  },
  {
    "name": "d4c897e9-4ced-50d4-af59-a594a4138238",
    "content": "d54851e5-299b-5098-8a03-8de1828e3f83",
    "ignored": false
  },
  {
    "name": "515106d6-e111-518d-a4bc-1117052f1c9c",
    "content": "b7c6661e-45ab-570b-93b4-b779de21b14e",
    "ignored": false
  },
  {
    "name": "1280fb16-579d-5ed3-9863-72c868847030",
    "content": "4346739f-ec56-554c-80d8-1594abd0715c",
    "last_reviewed": "2024-10-22T19:37:47.504167296",
    "interval": 51.30256,
    "stability": 15.4722,
    "difficulty": 3.2828565,
    "ignored": false
  },
  {
    "name": "22f59956-4b64-58b7-8b06-327868215ab8",
    "content": "a7965650-1d88-5c6d-9636-a06753911ec9",
    "ignored": false
  },
  {
    "name": "916b8eec-16ad-59b3-a464-7ed7e753fa1e",
    "content": "40edaabf-54d9-5fd0-b550-47b2203f99ac",
    "ignored": false
  }
]